// !$*UTF8*$!
{
	archiveVersion = 1;
	classes = {
	};
	objectVersion = 56;
	objects = {

/* Begin PBXBuildFile section */
		7E58E2C22A648A4900D97D6D /* AppDelegate.swift in Sources */ = {isa = PBXBuildFile; fileRef = 7E58E2C12A648A4900D97D6D /* AppDelegate.swift */; };
		7E58E2C42A648A4900D97D6D /* SceneDelegate.swift in Sources */ = {isa = PBXBuildFile; fileRef = 7E58E2C32A648A4900D97D6D /* SceneDelegate.swift */; };
		7E58E2C62A648A4900D97D6D /* ViewController.swift in Sources */ = {isa = PBXBuildFile; fileRef = 7E58E2C52A648A4900D97D6D /* ViewController.swift */; };
		7E58E2CB2A648A4A00D97D6D /* Assets.xcassets in Resources */ = {isa = PBXBuildFile; fileRef = 7E58E2CA2A648A4A00D97D6D /* Assets.xcassets */; };
		7E58E2CE2A648A4A00D97D6D /* LaunchScreen.storyboard in Resources */ = {isa = PBXBuildFile; fileRef = 7E58E2CC2A648A4A00D97D6D /* LaunchScreen.storyboard */; };
		7E58E2D62A648A7000D97D6D /* AppCode.swift in Sources */ = {isa = PBXBuildFile; fileRef = 7E58E2D52A648A7000D97D6D /* AppCode.swift */; };
		7E58E2D82A648D9600D97D6D /* FrienfViewController.swift in Sources */ = {isa = PBXBuildFile; fileRef = 7E58E2D72A648D9600D97D6D /* FrienfViewController.swift */; };
		7E58E2DA2A648DC100D97D6D /* GroupsViewControlle.swift in Sources */ = {isa = PBXBuildFile; fileRef = 7E58E2D92A648DC100D97D6D /* GroupsViewControlle.swift */; };
		7E58E2DC2A648DE300D97D6D /* PhotosViewController.swift in Sources */ = {isa = PBXBuildFile; fileRef = 7E58E2DB2A648DE300D97D6D /* PhotosViewController.swift */; };
		7E58E2DE2A648E0300D97D6D /* FriendCell.swift in Sources */ = {isa = PBXBuildFile; fileRef = 7E58E2DD2A648E0300D97D6D /* FriendCell.swift */; };
		7E58E2E02A648E2000D97D6D /* GroupCell.swift in Sources */ = {isa = PBXBuildFile; fileRef = 7E58E2DF2A648E2000D97D6D /* GroupCell.swift */; };
		7E58E2E22A648E3E00D97D6D /* PhotoCell.swift in Sources */ = {isa = PBXBuildFile; fileRef = 7E58E2E12A648E3E00D97D6D /* PhotoCell.swift */; };
		7E58E2E42A648E5E00D97D6D /* Constants.swift in Sources */ = {isa = PBXBuildFile; fileRef = 7E58E2E32A648E5E00D97D6D /* Constants.swift */; };
		7E58E2E62A648E7800D97D6D /* NetworkService.swift in Sources */ = {isa = PBXBuildFile; fileRef = 7E58E2E52A648E7800D97D6D /* NetworkService.swift */; };
		7E58E2E82A648E9500D97D6D /* FriendsModel.swift in Sources */ = {isa = PBXBuildFile; fileRef = 7E58E2E72A648E9500D97D6D /* FriendsModel.swift */; };
		7E58E2EA2A648EB200D97D6D /* GroupsModel.swift in Sources */ = {isa = PBXBuildFile; fileRef = 7E58E2E92A648EB200D97D6D /* GroupsModel.swift */; };
		7E58E2EC2A648ECE00D97D6D /* PhotosModel.swift in Sources */ = {isa = PBXBuildFile; fileRef = 7E58E2EB2A648ECE00D97D6D /* PhotosModel.swift */; };
		7E58E2EE2A648EF000D97D6D /* ProfileViewController.swift in Sources */ = {isa = PBXBuildFile; fileRef = 7E58E2ED2A648EF000D97D6D /* ProfileViewController.swift */; };
		7E58E2F02A648F1000D97D6D /* UserModel.swift in Sources */ = {isa = PBXBuildFile; fileRef = 7E58E2EF2A648F1000D97D6D /* UserModel.swift */; };
		7E58E2F22A648F2B00D97D6D /* FileCache.swift in Sources */ = {isa = PBXBuildFile; fileRef = 7E58E2F12A648F2B00D97D6D /* FileCache.swift */; };
		7E58E2F52A648F6000D97D6D /* DataModel.xcdatamodeld in Sources */ = {isa = PBXBuildFile; fileRef = 7E58E2F32A648F6000D97D6D /* DataModel.xcdatamodeld */; };
		7E58E2FA2A64907000D97D6D /* Theme.swift in Sources */ = {isa = PBXBuildFile; fileRef = 7E58E2F92A64907000D97D6D /* Theme.swift */; };
		7E58E2FC2A64908F00D97D6D /* ThemeView.swift in Sources */ = {isa = PBXBuildFile; fileRef = 7E58E2FB2A64908F00D97D6D /* ThemeView.swift */; };
		7E58E2FE2A6490AD00D97D6D /* DateHelper.swift in Sources */ = {isa = PBXBuildFile; fileRef = 7E58E2FD2A6490AD00D97D6D /* DateHelper.swift */; };
		7E58E3002A6490C900D97D6D /* ThemeSaver.swift in Sources */ = {isa = PBXBuildFile; fileRef = 7E58E2FF2A6490C900D97D6D /* ThemeSaver.swift */; };
/* End PBXBuildFile section */

/* Begin PBXFileReference section */
		7E58E2BE2A648A4900D97D6D /* HW_6_.app */ = {isa = PBXFileReference; explicitFileType = wrapper.application; includeInIndex = 0; path = HW_6_.app; sourceTree = BUILT_PRODUCTS_DIR; };
		7E58E2C12A648A4900D97D6D /* AppDelegate.swift */ = {isa = PBXFileReference; lastKnownFileType = sourcecode.swift; path = AppDelegate.swift; sourceTree = "<group>"; };
		7E58E2C32A648A4900D97D6D /* SceneDelegate.swift */ = {isa = PBXFileReference; lastKnownFileType = sourcecode.swift; path = SceneDelegate.swift; sourceTree = "<group>"; };
		7E58E2C52A648A4900D97D6D /* ViewController.swift */ = {isa = PBXFileReference; lastKnownFileType = sourcecode.swift; path = ViewController.swift; sourceTree = "<group>"; };
		7E58E2CA2A648A4A00D97D6D /* Assets.xcassets */ = {isa = PBXFileReference; lastKnownFileType = folder.assetcatalog; path = Assets.xcassets; sourceTree = "<group>"; };
		7E58E2CD2A648A4A00D97D6D /* Base */ = {isa = PBXFileReference; lastKnownFileType = file.storyboard; name = Base; path = Base.lproj/LaunchScreen.storyboard; sourceTree = "<group>"; };
		7E58E2CF2A648A4A00D97D6D /* Info.plist */ = {isa = PBXFileReference; lastKnownFileType = text.plist.xml; path = Info.plist; sourceTree = "<group>"; };
		7E58E2D52A648A7000D97D6D /* AppCode.swift */ = {isa = PBXFileReference; lastKnownFileType = sourcecode.swift; path = AppCode.swift; sourceTree = "<group>"; };
		7E58E2D72A648D9600D97D6D /* FrienfViewController.swift */ = {isa = PBXFileReference; lastKnownFileType = sourcecode.swift; path = FrienfViewController.swift; sourceTree = "<group>"; };
		7E58E2D92A648DC100D97D6D /* GroupsViewControlle.swift */ = {isa = PBXFileReference; lastKnownFileType = sourcecode.swift; path = GroupsViewControlle.swift; sourceTree = "<group>"; };
		7E58E2DB2A648DE300D97D6D /* PhotosViewController.swift */ = {isa = PBXFileReference; lastKnownFileType = sourcecode.swift; path = PhotosViewController.swift; sourceTree = "<group>"; };
		7E58E2DD2A648E0300D97D6D /* FriendCell.swift */ = {isa = PBXFileReference; lastKnownFileType = sourcecode.swift; path = FriendCell.swift; sourceTree = "<group>"; };
		7E58E2DF2A648E2000D97D6D /* GroupCell.swift */ = {isa = PBXFileReference; lastKnownFileType = sourcecode.swift; path = GroupCell.swift; sourceTree = "<group>"; };
		7E58E2E12A648E3E00D97D6D /* PhotoCell.swift */ = {isa = PBXFileReference; lastKnownFileType = sourcecode.swift; path = PhotoCell.swift; sourceTree = "<group>"; };
		7E58E2E32A648E5E00D97D6D /* Constants.swift */ = {isa = PBXFileReference; lastKnownFileType = sourcecode.swift; path = Constants.swift; sourceTree = "<group>"; };
		7E58E2E52A648E7800D97D6D /* NetworkService.swift */ = {isa = PBXFileReference; lastKnownFileType = sourcecode.swift; path = NetworkService.swift; sourceTree = "<group>"; };
		7E58E2E72A648E9500D97D6D /* FriendsModel.swift */ = {isa = PBXFileReference; lastKnownFileType = sourcecode.swift; path = FriendsModel.swift; sourceTree = "<group>"; };
		7E58E2E92A648EB200D97D6D /* GroupsModel.swift */ = {isa = PBXFileReference; lastKnownFileType = sourcecode.swift; path = GroupsModel.swift; sourceTree = "<group>"; };
		7E58E2EB2A648ECE00D97D6D /* PhotosModel.swift */ = {isa = PBXFileReference; lastKnownFileType = sourcecode.swift; path = PhotosModel.swift; sourceTree = "<group>"; };
		7E58E2ED2A648EF000D97D6D /* ProfileViewController.swift */ = {isa = PBXFileReference; lastKnownFileType = sourcecode.swift; path = ProfileViewController.swift; sourceTree = "<group>"; };
		7E58E2EF2A648F1000D97D6D /* UserModel.swift */ = {isa = PBXFileReference; lastKnownFileType = sourcecode.swift; path = UserModel.swift; sourceTree = "<group>"; };
		7E58E2F12A648F2B00D97D6D /* FileCache.swift */ = {isa = PBXFileReference; lastKnownFileType = sourcecode.swift; path = FileCache.swift; sourceTree = "<group>"; };
		7E58E2F42A648F6000D97D6D /* DataModel.xcdatamodel */ = {isa = PBXFileReference; lastKnownFileType = wrapper.xcdatamodel; path = DataModel.xcdatamodel; sourceTree = "<group>"; };
		7E58E2F92A64907000D97D6D /* Theme.swift */ = {isa = PBXFileReference; lastKnownFileType = sourcecode.swift; path = Theme.swift; sourceTree = "<group>"; };
		7E58E2FB2A64908F00D97D6D /* ThemeView.swift */ = {isa = PBXFileReference; lastKnownFileType = sourcecode.swift; path = ThemeView.swift; sourceTree = "<group>"; };
		7E58E2FD2A6490AD00D97D6D /* DateHelper.swift */ = {isa = PBXFileReference; lastKnownFileType = sourcecode.swift; path = DateHelper.swift; sourceTree = "<group>"; };
		7E58E2FF2A6490C900D97D6D /* ThemeSaver.swift */ = {isa = PBXFileReference; lastKnownFileType = sourcecode.swift; path = ThemeSaver.swift; sourceTree = "<group>"; };
/* End PBXFileReference section */

/* Begin PBXFrameworksBuildPhase section */
		7E58E2BB2A648A4900D97D6D /* Frameworks */ = {
			isa = PBXFrameworksBuildPhase;
			buildActionMask = 2147483647;
			files = (
			);
			runOnlyForDeploymentPostprocessing = 0;
		};
/* End PBXFrameworksBuildPhase section */

/* Begin PBXGroup section */
		7E58E2B52A648A4900D97D6D = {
			isa = PBXGroup;
			children = (
				7E58E2C02A648A4900D97D6D /* HW_6_ */,
				7E58E2BF2A648A4900D97D6D /* Products */,
			);
			sourceTree = "<group>";
		};
		7E58E2BF2A648A4900D97D6D /* Products */ = {
			isa = PBXGroup;
			children = (
				7E58E2BE2A648A4900D97D6D /* HW_6_.app */,
			);
			name = Products;
			sourceTree = "<group>";
		};
		7E58E2C02A648A4900D97D6D /* HW_6_ */ = {
			isa = PBXGroup;
			children = (
				7E58E2D52A648A7000D97D6D /* AppCode.swift */,
				7E58E2C12A648A4900D97D6D /* AppDelegate.swift */,
				7E58E2C32A648A4900D97D6D /* SceneDelegate.swift */,
				7E58E2C52A648A4900D97D6D /* ViewController.swift */,
				7E58E2CA2A648A4A00D97D6D /* Assets.xcassets */,
				7E58E2CC2A648A4A00D97D6D /* LaunchScreen.storyboard */,
				7E58E2CF2A648A4A00D97D6D /* Info.plist */,
				7E58E2D72A648D9600D97D6D /* FrienfViewController.swift */,
				7E58E2D92A648DC100D97D6D /* GroupsViewControlle.swift */,
				7E58E2DB2A648DE300D97D6D /* PhotosViewController.swift */,
				7E58E2DD2A648E0300D97D6D /* FriendCell.swift */,
				7E58E2DF2A648E2000D97D6D /* GroupCell.swift */,
				7E58E2E12A648E3E00D97D6D /* PhotoCell.swift */,
				7E58E2E32A648E5E00D97D6D /* Constants.swift */,
				7E58E2E52A648E7800D97D6D /* NetworkService.swift */,
				7E58E2E72A648E9500D97D6D /* FriendsModel.swift */,
				7E58E2E92A648EB200D97D6D /* GroupsModel.swift */,
				7E58E2EB2A648ECE00D97D6D /* PhotosModel.swift */,
				7E58E2ED2A648EF000D97D6D /* ProfileViewController.swift */,
				7E58E2EF2A648F1000D97D6D /* UserModel.swift */,
				7E58E2F12A648F2B00D97D6D /* FileCache.swift */,
				7E58E2F32A648F6000D97D6D /* DataModel.xcdatamodeld */,
				7E58E2F92A64907000D97D6D /* Theme.swift */,
				7E58E2FB2A64908F00D97D6D /* ThemeView.swift */,
				7E58E2FD2A6490AD00D97D6D /* DateHelper.swift */,
				7E58E2FF2A6490C900D97D6D /* ThemeSaver.swift */,
			);
			path = HW_6_;
			sourceTree = "<group>";
		};
/* End PBXGroup section */

/* Begin PBXNativeTarget section */
		7E58E2BD2A648A4900D97D6D /* HW_6_ */ = {
			isa = PBXNativeTarget;
			buildConfigurationList = 7E58E2D22A648A4A00D97D6D /* Build configuration list for PBXNativeTarget "HW_6_" */;
			buildPhases = (
				7E58E2BA2A648A4900D97D6D /* Sources */,
				7E58E2BB2A648A4900D97D6D /* Frameworks */,
				7E58E2BC2A648A4900D97D6D /* Resources */,
			);
			buildRules = (
			);
			dependencies = (
			);
			name = HW_6_;
			productName = HW_6_;
			productReference = 7E58E2BE2A648A4900D97D6D /* HW_6_.app */;
			productType = "com.apple.product-type.application";
		};
/* End PBXNativeTarget section */

/* Begin PBXProject section */
		7E58E2B62A648A4900D97D6D /* Project object */ = {
			isa = PBXProject;
			attributes = {
				BuildIndependentTargetsInParallel = 1;
				LastSwiftUpdateCheck = 1430;
				LastUpgradeCheck = 1430;
				TargetAttributes = {
					7E58E2BD2A648A4900D97D6D = {
						CreatedOnToolsVersion = 14.3.1;
					};
				};
			};
			buildConfigurationList = 7E58E2B92A648A4900D97D6D /* Build configuration list for PBXProject "HW_6_" */;
			compatibilityVersion = "Xcode 14.0";
			developmentRegion = en;
			hasScannedForEncodings = 0;
			knownRegions = (
				en,
				Base,
			);
			mainGroup = 7E58E2B52A648A4900D97D6D;
			productRefGroup = 7E58E2BF2A648A4900D97D6D /* Products */;
			projectDirPath = "";
			projectRoot = "";
			targets = (
				7E58E2BD2A648A4900D97D6D /* HW_6_ */,
			);
		};
/* End PBXProject section */

/* Begin PBXResourcesBuildPhase section */
		7E58E2BC2A648A4900D97D6D /* Resources */ = {
			isa = PBXResourcesBuildPhase;
			buildActionMask = 2147483647;
			files = (
				7E58E2CE2A648A4A00D97D6D /* LaunchScreen.storyboard in Resources */,
				7E58E2CB2A648A4A00D97D6D /* Assets.xcassets in Resources */,
			);
			runOnlyForDeploymentPostprocessing = 0;
		};
/* End PBXResourcesBuildPhase section */

/* Begin PBXSourcesBuildPhase section */
		7E58E2BA2A648A4900D97D6D /* Sources */ = {
			isa = PBXSourcesBuildPhase;
			buildActionMask = 2147483647;
			files = (
				7E58E2E02A648E2000D97D6D /* GroupCell.swift in Sources */,
				7E58E2FC2A64908F00D97D6D /* ThemeView.swift in Sources */,
				7E58E2E42A648E5E00D97D6D /* Constants.swift in Sources */,
				7E58E2D62A648A7000D97D6D /* AppCode.swift in Sources */,
				7E58E2DA2A648DC100D97D6D /* GroupsViewControlle.swift in Sources */,
				7E58E2F22A648F2B00D97D6D /* FileCache.swift in Sources */,
				7E58E2C62A648A4900D97D6D /* ViewController.swift in Sources */,
				7E58E2DE2A648E0300D97D6D /* FriendCell.swift in Sources */,
				7E58E2EE2A648EF000D97D6D /* ProfileViewController.swift in Sources */,
				7E58E2FE2A6490AD00D97D6D /* DateHelper.swift in Sources */,
				7E58E2C22A648A4900D97D6D /* AppDelegate.swift in Sources */,
				7E58E2F02A648F1000D97D6D /* UserModel.swift in Sources */,
				7E58E2E22A648E3E00D97D6D /* PhotoCell.swift in Sources */,
				7E58E2DC2A648DE300D97D6D /* PhotosViewController.swift in Sources */,
				7E58E2E82A648E9500D97D6D /* FriendsModel.swift in Sources */,
				7E58E2D82A648D9600D97D6D /* FrienfViewController.swift in Sources */,
				7E58E3002A6490C900D97D6D /* ThemeSaver.swift in Sources */,
				7E58E2F52A648F6000D97D6D /* DataModel.xcdatamodeld in Sources */,
				7E58E2EC2A648ECE00D97D6D /* PhotosModel.swift in Sources */,
				7E58E2EA2A648EB200D97D6D /* GroupsModel.swift in Sources */,
				7E58E2FA2A64907000D97D6D /* Theme.swift in Sources */,
				7E58E2E62A648E7800D97D6D /* NetworkService.swift in Sources */,
				7E58E2C42A648A4900D97D6D /* SceneDelegate.swift in Sources */,
			);
			runOnlyForDeploymentPostprocessing = 0;
		};
/* End PBXSourcesBuildPhase section */

/* Begin PBXVariantGroup section */
		7E58E2CC2A648A4A00D97D6D /* LaunchScreen.storyboard */ = {
			isa = PBXVariantGroup;
			children = (
				7E58E2CD2A648A4A00D97D6D /* Base */,
			);
			name = LaunchScreen.storyboard;
			sourceTree = "<group>";
		};
/* End PBXVariantGroup section */

/* Begin XCBuildConfiguration section */
		7E58E2D02A648A4A00D97D6D /* Debug */ = {
			isa = XCBuildConfiguration;
			buildSettings = {
				ALWAYS_SEARCH_USER_PATHS = NO;
				CLANG_ANALYZER_NONNULL = YES;
				CLANG_ANALYZER_NUMBER_OBJECT_CONVERSION = YES_AGGRESSIVE;
				CLANG_CXX_LANGUAGE_STANDARD = "gnu++20";
				CLANG_ENABLE_MODULES = YES;
				CLANG_ENABLE_OBJC_ARC = YES;
				CLANG_ENABLE_OBJC_WEAK = YES;
				CLANG_WARN_BLOCK_CAPTURE_AUTORELEASING = YES;
				CLANG_WARN_BOOL_CONVERSION = YES;
				CLANG_WARN_COMMA = YES;
				CLANG_WARN_CONSTANT_CONVERSION = YES;
				CLANG_WARN_DEPRECATED_OBJC_IMPLEMENTATIONS = YES;
				CLANG_WARN_DIRECT_OBJC_ISA_USAGE = YES_ERROR;
				CLANG_WARN_DOCUMENTATION_COMMENTS = YES;
				CLANG_WARN_EMPTY_BODY = YES;
				CLANG_WARN_ENUM_CONVERSION = YES;
				CLANG_WARN_INFINITE_RECURSION = YES;
				CLANG_WARN_INT_CONVERSION = YES;
				CLANG_WARN_NON_LITERAL_NULL_CONVERSION = YES;
				CLANG_WARN_OBJC_IMPLICIT_RETAIN_SELF = YES;
				CLANG_WARN_OBJC_LITERAL_CONVERSION = YES;
				CLANG_WARN_OBJC_ROOT_CLASS = YES_ERROR;
				CLANG_WARN_QUOTED_INCLUDE_IN_FRAMEWORK_HEADER = YES;
				CLANG_WARN_RANGE_LOOP_ANALYSIS = YES;
				CLANG_WARN_STRICT_PROTOTYPES = YES;
				CLANG_WARN_SUSPICIOUS_MOVE = YES;
				CLANG_WARN_UNGUARDED_AVAILABILITY = YES_AGGRESSIVE;
				CLANG_WARN_UNREACHABLE_CODE = YES;
				CLANG_WARN__DUPLICATE_METHOD_MATCH = YES;
				COPY_PHASE_STRIP = NO;
				DEBUG_INFORMATION_FORMAT = dwarf;
				ENABLE_STRICT_OBJC_MSGSEND = YES;
				ENABLE_TESTABILITY = YES;
				GCC_C_LANGUAGE_STANDARD = gnu11;
				GCC_DYNAMIC_NO_PIC = NO;
				GCC_NO_COMMON_BLOCKS = YES;
				GCC_OPTIMIZATION_LEVEL = 0;
				GCC_PREPROCESSOR_DEFINITIONS = (
					"DEBUG=1",
					"$(inherited)",
				);
				GCC_WARN_64_TO_32_BIT_CONVERSION = YES;
				GCC_WARN_ABOUT_RETURN_TYPE = YES_ERROR;
				GCC_WARN_UNDECLARED_SELECTOR = YES;
				GCC_WARN_UNINITIALIZED_AUTOS = YES_AGGRESSIVE;
				GCC_WARN_UNUSED_FUNCTION = YES;
				GCC_WARN_UNUSED_VARIABLE = YES;
				IPHONEOS_DEPLOYMENT_TARGET = 16.4;
				MTL_ENABLE_DEBUG_INFO = INCLUDE_SOURCE;
				MTL_FAST_MATH = YES;
				ONLY_ACTIVE_ARCH = YES;
				SDKROOT = iphoneos;
				SWIFT_ACTIVE_COMPILATION_CONDITIONS = DEBUG;
				SWIFT_OPTIMIZATION_LEVEL = "-Onone";
			};
			name = Debug;
		};
		7E58E2D12A648A4A00D97D6D /* Release */ = {
			isa = XCBuildConfiguration;
			buildSettings = {
				ALWAYS_SEARCH_USER_PATHS = NO;
				CLANG_ANALYZER_NONNULL = YES;
				CLANG_ANALYZER_NUMBER_OBJECT_CONVERSION = YES_AGGRESSIVE;
				CLANG_CXX_LANGUAGE_STANDARD = "gnu++20";
				CLANG_ENABLE_MODULES = YES;
				CLANG_ENABLE_OBJC_ARC = YES;
				CLANG_ENABLE_OBJC_WEAK = YES;
				CLANG_WARN_BLOCK_CAPTURE_AUTORELEASING = YES;
				CLANG_WARN_BOOL_CONVERSION = YES;
				CLANG_WARN_COMMA = YES;
				CLANG_WARN_CONSTANT_CONVERSION = YES;
				CLANG_WARN_DEPRECATED_OBJC_IMPLEMENTATIONS = YES;
				CLANG_WARN_DIRECT_OBJC_ISA_USAGE = YES_ERROR;
				CLANG_WARN_DOCUMENTATION_COMMENTS = YES;
				CLANG_WARN_EMPTY_BODY = YES;
				CLANG_WARN_ENUM_CONVERSION = YES;
				CLANG_WARN_INFINITE_RECURSION = YES;
				CLANG_WARN_INT_CONVERSION = YES;
				CLANG_WARN_NON_LITERAL_NULL_CONVERSION = YES;
				CLANG_WARN_OBJC_IMPLICIT_RETAIN_SELF = YES;
				CLANG_WARN_OBJC_LITERAL_CONVERSION = YES;
				CLANG_WARN_OBJC_ROOT_CLASS = YES_ERROR;
				CLANG_WARN_QUOTED_INCLUDE_IN_FRAMEWORK_HEADER = YES;
				CLANG_WARN_RANGE_LOOP_ANALYSIS = YES;
				CLANG_WARN_STRICT_PROTOTYPES = YES;
				CLANG_WARN_SUSPICIOUS_MOVE = YES;
				CLANG_WARN_UNGUARDED_AVAILABILITY = YES_AGGRESSIVE;
				CLANG_WARN_UNREACHABLE_CODE = YES;
				CLANG_WARN__DUPLICATE_METHOD_MATCH = YES;
				COPY_PHASE_STRIP = NO;
				DEBUG_INFORMATION_FORMAT = "dwarf-with-dsym";
				ENABLE_NS_ASSERTIONS = NO;
				ENABLE_STRICT_OBJC_MSGSEND = YES;
				GCC_C_LANGUAGE_STANDARD = gnu11;
				GCC_NO_COMMON_BLOCKS = YES;
				GCC_WARN_64_TO_32_BIT_CONVERSION = YES;
				GCC_WARN_ABOUT_RETURN_TYPE = YES_ERROR;
				GCC_WARN_UNDECLARED_SELECTOR = YES;
				GCC_WARN_UNINITIALIZED_AUTOS = YES_AGGRESSIVE;
				GCC_WARN_UNUSED_FUNCTION = YES;
				GCC_WARN_UNUSED_VARIABLE = YES;
				IPHONEOS_DEPLOYMENT_TARGET = 16.4;
				MTL_ENABLE_DEBUG_INFO = NO;
				MTL_FAST_MATH = YES;
				SDKROOT = iphoneos;
				SWIFT_COMPILATION_MODE = wholemodule;
				SWIFT_OPTIMIZATION_LEVEL = "-O";
				VALIDATE_PRODUCT = YES;
			};
			name = Release;
		};
		7E58E2D32A648A4A00D97D6D /* Debug */ = {
			isa = XCBuildConfiguration;
			buildSettings = {
				ASSETCATALOG_COMPILER_APPICON_NAME = AppIcon;
				ASSETCATALOG_COMPILER_GLOBAL_ACCENT_COLOR_NAME = AccentColor;
				CODE_SIGN_STYLE = Automatic;
				CURRENT_PROJECT_VERSION = 1;
				GENERATE_INFOPLIST_FILE = YES;
				INFOPLIST_FILE = HW_6_/Info.plist;
				INFOPLIST_KEY_UIApplicationSupportsIndirectInputEvents = YES;
				INFOPLIST_KEY_UILaunchStoryboardName = LaunchScreen;
				INFOPLIST_KEY_UISupportedInterfaceOrientations_iPad = "UIInterfaceOrientationPortrait UIInterfaceOrientationPortraitUpsideDown UIInterfaceOrientationLandscapeLeft UIInterfaceOrientationLandscapeRight";
				INFOPLIST_KEY_UISupportedInterfaceOrientations_iPhone = "UIInterfaceOrientationPortrait UIInterfaceOrientationLandscapeLeft UIInterfaceOrientationLandscapeRight";
				LD_RUNPATH_SEARCH_PATHS = (
					"$(inherited)",
					"@executable_path/Frameworks",
				);
				MARKETING_VERSION = 1.0;
				PRODUCT_BUNDLE_IDENTIFIER = "GB.HW-6-";
				PRODUCT_NAME = "$(TARGET_NAME)";
				SWIFT_EMIT_LOC_STRINGS = YES;
				SWIFT_VERSION = 5.0;
				TARGETED_DEVICE_FAMILY = "1,2";
			};
			name = Debug;
		};
		7E58E2D42A648A4A00D97D6D /* Release */ = {
			isa = XCBuildConfiguration;
			buildSettings = {
				ASSETCATALOG_COMPILER_APPICON_NAME = AppIcon;
				ASSETCATALOG_COMPILER_GLOBAL_ACCENT_COLOR_NAME = AccentColor;
				CODE_SIGN_STYLE = Automatic;
				CURRENT_PROJECT_VERSION = 1;
				GENERATE_INFOPLIST_FILE = YES;
				INFOPLIST_FILE = HW_6_/Info.plist;
				INFOPLIST_KEY_UIApplicationSupportsIndirectInputEvents = YES;
				INFOPLIST_KEY_UILaunchStoryboardName = LaunchScreen;
				INFOPLIST_KEY_UISupportedInterfaceOrientations_iPad = "UIInterfaceOrientationPortrait UIInterfaceOrientationPortraitUpsideDown UIInterfaceOrientationLandscapeLeft UIInterfaceOrientationLandscapeRight";
				INFOPLIST_KEY_UISupportedInterfaceOrientations_iPhone = "UIInterfaceOrientationPortrait UIInterfaceOrientationLandscapeLeft UIInterfaceOrientationLandscapeRight";
				LD_RUNPATH_SEARCH_PATHS = (
					"$(inherited)",
					"@executable_path/Frameworks",
				);
				MARKETING_VERSION = 1.0;
				PRODUCT_BUNDLE_IDENTIFIER = "GB.HW-6-";
				PRODUCT_NAME = "$(TARGET_NAME)";
				SWIFT_EMIT_LOC_STRINGS = YES;
				SWIFT_VERSION = 5.0;
				TARGETED_DEVICE_FAMILY = "1,2";
			};
			name = Release;
		};
/* End XCBuildConfiguration section */

/* Begin XCConfigurationList section */
		7E58E2B92A648A4900D97D6D /* Build configuration list for PBXProject "HW_6_" */ = {
			isa = XCConfigurationList;
			buildConfigurations = (
				7E58E2D02A648A4A00D97D6D /* Debug */,
				7E58E2D12A648A4A00D97D6D /* Release */,
			);
			defaultConfigurationIsVisible = 0;
			defaultConfigurationName = Release;
		};
		7E58E2D22A648A4A00D97D6D /* Build configuration list for PBXNativeTarget "HW_6_" */ = {
			isa = XCConfigurationList;
			buildConfigurations = (
				7E58E2D32A648A4A00D97D6D /* Debug */,
				7E58E2D42A648A4A00D97D6D /* Release */,
			);
			defaultConfigurationIsVisible = 0;
			defaultConfigurationName = Release;
		};
/* End XCConfigurationList section */

/* Begin XCVersionGroup section */
		7E58E2F32A648F6000D97D6D /* DataModel.xcdatamodeld */ = {
			isa = XCVersionGroup;
			children = (
				7E58E2F42A648F6000D97D6D /* DataModel.xcdatamodel */,
			);
			currentVersion = 7E58E2F42A648F6000D97D6D /* DataModel.xcdatamodel */;
			path = DataModel.xcdatamodeld;
			sourceTree = "<group>";
			versionGroupType = wrapper.xcdatamodel;
		};
/* End XCVersionGroup section */
	};
	rootObject = 7E58E2B62A648A4900D97D6D /* Project object */;
}
